
Microsoft Visual Studio Solution File, Format Version 12.00
# Visual Studio Version 16
VisualStudioVersion = 16.0.31727.386
MinimumVisualStudioVersion = 10.0.40219.1
Project("{FAE04EC0-301F-11D3-BF4B-00C04F79EFBC}") = "Login", "Login\Login.csproj", "{CA69D052-8805-427E-BBF0-F237C0B3C5DF}"
EndProject
Project("{FAE04EC0-301F-11D3-BF4B-00C04F79EFBC}") = "Datos", "Datos\Datos.csproj", "{276BB239-37DF-425E-B407-FC96809907FC}"
EndProject
Global
	GlobalSection(SolutionConfigurationPlatforms) = preSolution
		Debug|Any CPU = Debug|Any CPU
		Release|Any CPU = Release|Any CPU
	EndGlobalSection
	GlobalSection(ProjectConfigurationPlatforms) = postSolution
		{CA69D052-8805-427E-BBF0-F237C0B3C5DF}.Debug|Any CPU.ActiveCfg = Debug|Any CPU
		{CA69D052-8805-427E-BBF0-F237C0B3C5DF}.Debug|Any CPU.Build.0 = Debug|Any CPU
		{CA69D052-8805-427E-BBF0-F237C0B3C5DF}.Release|Any CPU.ActiveCfg = Release|Any CPU
		{CA69D052-8805-427E-BBF0-F237C0B3C5DF}.Release|Any CPU.Build.0 = Release|Any CPU
		{276BB239-37DF-425E-B407-FC96809907FC}.Debug|Any CPU.ActiveCfg = Debug|Any CPU
		{276BB239-37DF-425E-B407-FC96809907FC}.Debug|Any CPU.Build.0 = Debug|Any CPU
		{276BB239-37DF-425E-B407-FC96809907FC}.Release|Any CPU.ActiveCfg = Release|Any CPU
		{276BB239-37DF-425E-B407-FC96809907FC}.Release|Any CPU.Build.0 = Release|Any CPU
	EndGlobalSection
	GlobalSection(SolutionProperties) = preSolution
		HideSolutionNode = FALSE
	EndGlobalSection
	GlobalSection(ExtensibilityGlobals) = postSolution
		SolutionGuid = {473BF9DA-688C-4B35-848F-0F48E4FEFA36}
	EndGlobalSection
EndGlobal
